Microsoft Visual Studio Solution File, Format Version 12.00
# Visual Studio 15
VisualStudioVersion = 15.0.26124.0
MinimumVisualStudioVersion = 15.0.26124.0
Project("{9A19103F-16F7-4668-BE54-9A1E7A4F7556}") = "BilletLibrary", "BilletLibrary\BilletLibrary.csproj", "{259C7436-C8E9-459E-9C00-D246006F1A91}"
EndProject
Project("{9A19103F-16F7-4668-BE54-9A1E7A4F7556}") = "BilletLibrary.tests", "BilletLibrary.tests\BilletLibrary.tests.csproj", "{0ACF1244-02BB-472A-88AC-22B4CB158A05}"
EndProject
Global
	GlobalSection(SolutionConfigurationPlatforms) = preSolution
		Debug|Any CPU = Debug|Any CPU
		Debug|x64 = Debug|x64
		Debug|x86 = Debug|x86
		Release|Any CPU = Release|Any CPU
		Release|x64 = Release|x64
		Release|x86 = Release|x86
	EndGlobalSection
	GlobalSection(ProjectConfigurationPlatforms) = postSolution
		{259C7436-C8E9-459E-9C00-D246006F1A91}.Debug|Any CPU.ActiveCfg = Debug|Any CPU
		{259C7436-C8E9-459E-9C00-D246006F1A91}.Debug|Any CPU.Build.0 = Debug|Any CPU
		{259C7436-C8E9-459E-9C00-D246006F1A91}.Debug|x64.ActiveCfg = Debug|Any CPU
		{259C7436-C8E9-459E-9C00-D246006F1A91}.Debug|x64.Build.0 = Debug|Any CPU
		{259C7436-C8E9-459E-9C00-D246006F1A91}.Debug|x86.ActiveCfg = Debug|Any CPU
		{259C7436-C8E9-459E-9C00-D246006F1A91}.Debug|x86.Build.0 = Debug|Any CPU
		{259C7436-C8E9-459E-9C00-D246006F1A91}.Release|Any CPU.ActiveCfg = Release|Any CPU
		{259C7436-C8E9-459E-9C00-D246006F1A91}.Release|Any CPU.Build.0 = Release|Any CPU
		{259C7436-C8E9-459E-9C00-D246006F1A91}.Release|x64.ActiveCfg = Release|Any CPU
		{259C7436-C8E9-459E-9C00-D246006F1A91}.Release|x64.Build.0 = Release|Any CPU
		{259C7436-C8E9-459E-9C00-D246006F1A91}.Release|x86.ActiveCfg = Release|Any CPU
		{259C7436-C8E9-459E-9C00-D246006F1A91}.Release|x86.Build.0 = Release|Any CPU
		{0ACF1244-02BB-472A-88AC-22B4CB158A05}.Debug|Any CPU.ActiveCfg = Debug|Any CPU
		{0ACF1244-02BB-472A-88AC-22B4CB158A05}.Debug|Any CPU.Build.0 = Debug|Any CPU
		{0ACF1244-02BB-472A-88AC-22B4CB158A05}.Debug|x64.ActiveCfg = Debug|Any CPU
		{0ACF1244-02BB-472A-88AC-22B4CB158A05}.Debug|x64.Build.0 = Debug|Any CPU
		{0ACF1244-02BB-472A-88AC-22B4CB158A05}.Debug|x86.ActiveCfg = Debug|Any CPU
		{0ACF1244-02BB-472A-88AC-22B4CB158A05}.Debug|x86.Build.0 = Debug|Any CPU
		{0ACF1244-02BB-472A-88AC-22B4CB158A05}.Release|Any CPU.ActiveCfg = Release|Any CPU
		{0ACF1244-02BB-472A-88AC-22B4CB158A05}.Release|Any CPU.Build.0 = Release|Any CPU
		{0ACF1244-02BB-472A-88AC-22B4CB158A05}.Release|x64.ActiveCfg = Release|Any CPU
		{0ACF1244-02BB-472A-88AC-22B4CB158A05}.Release|x64.Build.0 = Release|Any CPU
		{0ACF1244-02BB-472A-88AC-22B4CB158A05}.Release|x86.ActiveCfg = Release|Any CPU
		{0ACF1244-02BB-472A-88AC-22B4CB158A05}.Release|x86.Build.0 = Release|Any CPU
	EndGlobalSection
	GlobalSection(SolutionProperties) = preSolution
		HideSolutionNode = FALSE
	EndGlobalSection
	GlobalSection(ExtensibilityGlobals) = postSolution
		SolutionGuid = {BE0832D4-D19D-40EB-A4AA-A647D8EA1206}
	EndGlobalSection
EndGlobal
